// !$*UTF8*$!
{
	archiveVersion = 1;
	classes = {
	};
	objectVersion = 55;
	objects = {

/* Begin PBXBuildFile section */
		D51C795928A14C2300B9AA07 /* USACongressApp.swift in Sources */ = {isa = PBXBuildFile; fileRef = D51C795828A14C2300B9AA07 /* USACongressApp.swift */; };
		D51C795D28A14C2500B9AA07 /* Assets.xcassets in Resources */ = {isa = PBXBuildFile; fileRef = D51C795C28A14C2500B9AA07 /* Assets.xcassets */; };
		D51C796028A14C2500B9AA07 /* Preview Assets.xcassets in Resources */ = {isa = PBXBuildFile; fileRef = D51C795F28A14C2500B9AA07 /* Preview Assets.xcassets */; };
		D51C796E28A14C5900B9AA07 /* Senate.swift in Sources */ = {isa = PBXBuildFile; fileRef = D51C796728A14C5900B9AA07 /* Senate.swift */; };
		D51C796F28A14C5900B9AA07 /* ViewModel.swift in Sources */ = {isa = PBXBuildFile; fileRef = D51C796928A14C5900B9AA07 /* ViewModel.swift */; };
		D51C797028A14C5900B9AA07 /* ContentView.swift in Sources */ = {isa = PBXBuildFile; fileRef = D51C796A28A14C5900B9AA07 /* ContentView.swift */; };
		D51C797128A14C5900B9AA07 /* CongressListView.swift in Sources */ = {isa = PBXBuildFile; fileRef = D51C796C28A14C5900B9AA07 /* CongressListView.swift */; };
		D51C797228A14C5900B9AA07 /* CongressImageView.swift in Sources */ = {isa = PBXBuildFile; fileRef = D51C796D28A14C5900B9AA07 /* CongressImageView.swift */; };
		D5FEC63E28A16DCD00429CC4 /* CongressDetailView.swift in Sources */ = {isa = PBXBuildFile; fileRef = D5FEC63D28A16DCD00429CC4 /* CongressDetailView.swift */; };
		D5FEC64028A170C000429CC4 /* CongressRowView.swift in Sources */ = {isa = PBXBuildFile; fileRef = D5FEC63F28A170C000429CC4 /* CongressRowView.swift */; };
/* End PBXBuildFile section */

/* Begin PBXFileReference section */
		D51C795528A14C2300B9AA07 /* USACongress.app */ = {isa = PBXFileReference; explicitFileType = wrapper.application; includeInIndex = 0; path = USACongress.app; sourceTree = BUILT_PRODUCTS_DIR; };
		D51C795828A14C2300B9AA07 /* USACongressApp.swift */ = {isa = PBXFileReference; lastKnownFileType = sourcecode.swift; path = USACongressApp.swift; sourceTree = "<group>"; };
		D51C795C28A14C2500B9AA07 /* Assets.xcassets */ = {isa = PBXFileReference; lastKnownFileType = folder.assetcatalog; path = Assets.xcassets; sourceTree = "<group>"; };
		D51C795F28A14C2500B9AA07 /* Preview Assets.xcassets */ = {isa = PBXFileReference; lastKnownFileType = folder.assetcatalog; path = "Preview Assets.xcassets"; sourceTree = "<group>"; };
		D51C796728A14C5900B9AA07 /* Senate.swift */ = {isa = PBXFileReference; fileEncoding = 4; lastKnownFileType = sourcecode.swift; path = Senate.swift; sourceTree = "<group>"; };
		D51C796928A14C5900B9AA07 /* ViewModel.swift */ = {isa = PBXFileReference; fileEncoding = 4; lastKnownFileType = sourcecode.swift; path = ViewModel.swift; sourceTree = "<group>"; };
		D51C796A28A14C5900B9AA07 /* ContentView.swift */ = {isa = PBXFileReference; fileEncoding = 4; lastKnownFileType = sourcecode.swift; path = ContentView.swift; sourceTree = "<group>"; };
		D51C796C28A14C5900B9AA07 /* CongressListView.swift */ = {isa = PBXFileReference; fileEncoding = 4; lastKnownFileType = sourcecode.swift; path = CongressListView.swift; sourceTree = "<group>"; };
		D51C796D28A14C5900B9AA07 /* CongressImageView.swift */ = {isa = PBXFileReference; fileEncoding = 4; lastKnownFileType = sourcecode.swift; path = CongressImageView.swift; sourceTree = "<group>"; };
		D5FEC63D28A16DCD00429CC4 /* CongressDetailView.swift */ = {isa = PBXFileReference; lastKnownFileType = sourcecode.swift; path = CongressDetailView.swift; sourceTree = "<group>"; };
		D5FEC63F28A170C000429CC4 /* CongressRowView.swift */ = {isa = PBXFileReference; lastKnownFileType = sourcecode.swift; path = CongressRowView.swift; sourceTree = "<group>"; };
/* End PBXFileReference section */

/* Begin PBXFrameworksBuildPhase section */
		D51C795228A14C2300B9AA07 /* Frameworks */ = {
			isa = PBXFrameworksBuildPhase;
			buildActionMask = 2147483647;
			files = (
			);
			runOnlyForDeploymentPostprocessing = 0;
		};
/* End PBXFrameworksBuildPhase section */

/* Begin PBXGroup section */
		D51C794C28A14C2300B9AA07 = {
			isa = PBXGroup;
			children = (
				D51C795728A14C2300B9AA07 /* USACongress */,
				D51C795628A14C2300B9AA07 /* Products */,
			);
			sourceTree = "<group>";
		};
		D51C795628A14C2300B9AA07 /* Products */ = {
			isa = PBXGroup;
			children = (
				D51C795528A14C2300B9AA07 /* USACongress.app */,
			);
			name = Products;
			sourceTree = "<group>";
		};
		D51C795728A14C2300B9AA07 /* USACongress */ = {
			isa = PBXGroup;
			children = (
				D51C795828A14C2300B9AA07 /* USACongressApp.swift */,
				D51C796A28A14C5900B9AA07 /* ContentView.swift */,
				D51C796628A14C5900B9AA07 /* Model */,
				D51C796B28A14C5900B9AA07 /* View */,
				D51C796828A14C5900B9AA07 /* ViewModel */,
				D51C795C28A14C2500B9AA07 /* Assets.xcassets */,
				D51C795E28A14C2500B9AA07 /* Preview Content */,
			);
			path = USACongress;
			sourceTree = "<group>";
		};
		D51C795E28A14C2500B9AA07 /* Preview Content */ = {
			isa = PBXGroup;
			children = (
				D51C795F28A14C2500B9AA07 /* Preview Assets.xcassets */,
			);
			path = "Preview Content";
			sourceTree = "<group>";
		};
		D51C796628A14C5900B9AA07 /* Model */ = {
			isa = PBXGroup;
			children = (
				D51C796728A14C5900B9AA07 /* Senate.swift */,
			);
			path = Model;
			sourceTree = "<group>";
		};
		D51C796828A14C5900B9AA07 /* ViewModel */ = {
			isa = PBXGroup;
			children = (
				D51C796928A14C5900B9AA07 /* ViewModel.swift */,
			);
			path = ViewModel;
			sourceTree = "<group>";
		};
		D51C796B28A14C5900B9AA07 /* View */ = {
			isa = PBXGroup;
			children = (
				D51C796C28A14C5900B9AA07 /* CongressListView.swift */,
				D5FEC63F28A170C000429CC4 /* CongressRowView.swift */,
				D51C796D28A14C5900B9AA07 /* CongressImageView.swift */,
				D5FEC63D28A16DCD00429CC4 /* CongressDetailView.swift */,
			);
			path = View;
			sourceTree = "<group>";
		};
/* End PBXGroup section */

/* Begin PBXNativeTarget section */
		D51C795428A14C2300B9AA07 /* USACongress */ = {
			isa = PBXNativeTarget;
			buildConfigurationList = D51C796328A14C2500B9AA07 /* Build configuration list for PBXNativeTarget "USACongress" */;
			buildPhases = (
				D51C795128A14C2300B9AA07 /* Sources */,
				D51C795228A14C2300B9AA07 /* Frameworks */,
				D51C795328A14C2300B9AA07 /* Resources */,
			);
			buildRules = (
			);
			dependencies = (
			);
			name = USACongress;
			productName = USACongress;
			productReference = D51C795528A14C2300B9AA07 /* USACongress.app */;
			productType = "com.apple.product-type.application";
		};
/* End PBXNativeTarget section */

/* Begin PBXProject section */
		D51C794D28A14C2300B9AA07 /* Project object */ = {
			isa = PBXProject;
			attributes = {
				BuildIndependentTargetsInParallel = 1;
				LastSwiftUpdateCheck = 1340;
				LastUpgradeCheck = 1340;
				TargetAttributes = {
					D51C795428A14C2300B9AA07 = {
						CreatedOnToolsVersion = 13.4.1;
					};
				};
			};
			buildConfigurationList = D51C795028A14C2300B9AA07 /* Build configuration list for PBXProject "USACongress" */;
			compatibilityVersion = "Xcode 13.0";
			developmentRegion = en;
			hasScannedForEncodings = 0;
			knownRegions = (
				en,
				Base,
			);
			mainGroup = D51C794C28A14C2300B9AA07;
			productRefGroup = D51C795628A14C2300B9AA07 /* Products */;
			projectDirPath = "";
			projectRoot = "";
			targets = (
				D51C795428A14C2300B9AA07 /* USACongress */,
			);
		};
/* End PBXProject section */

/* Begin PBXResourcesBuildPhase section */
		D51C795328A14C2300B9AA07 /* Resources */ = {
			isa = PBXResourcesBuildPhase;
			buildActionMask = 2147483647;
			files = (
				D51C796028A14C2500B9AA07 /* Preview Assets.xcassets in Resources */,
				D51C795D28A14C2500B9AA07 /* Assets.xcassets in Resources */,
			);
			runOnlyForDeploymentPostprocessing = 0;
		};
/* End PBXResourcesBuildPhase section */

/* Begin PBXSourcesBuildPhase section */
		D51C795128A14C2300B9AA07 /* Sources */ = {
			isa = PBXSourcesBuildPhase;
			buildActionMask = 2147483647;
			files = (
				D51C797228A14C5900B9AA07 /* CongressImageView.swift in Sources */,
				D51C795928A14C2300B9AA07 /* USACongressApp.swift in Sources */,
				D51C796F28A14C5900B9AA07 /* ViewModel.swift in Sources */,
				D51C797028A14C5900B9AA07 /* ContentView.swift in Sources */,
				D51C797128A14C5900B9AA07 /* CongressListView.swift in Sources */,
				D5FEC63E28A16DCD00429CC4 /* CongressDetailView.swift in Sources */,
				D51C796E28A14C5900B9AA07 /* Senate.swift in Sources */,
				D5FEC64028A170C000429CC4 /* CongressRowView.swift in Sources */,
			);
			runOnlyForDeploymentPostprocessing = 0;
		};
/* End PBXSourcesBuildPhase section */

/* Begin XCBuildConfiguration section */
		D51C796128A14C2500B9AA07 /* Debug */ = {
			isa = XCBuildConfiguration;
			buildSettings = {
				ALWAYS_SEARCH_USER_PATHS = NO;
				CLANG_ANALYZER_NONNULL = YES;
				CLANG_ANALYZER_NUMBER_OBJECT_CONVERSION = YES_AGGRESSIVE;
				CLANG_CXX_LANGUAGE_STANDARD = "gnu++17";
				CLANG_ENABLE_MODULES = YES;
				CLANG_ENABLE_OBJC_ARC = YES;
				CLANG_ENABLE_OBJC_WEAK = YES;
				CLANG_WARN_BLOCK_CAPTURE_AUTORELEASING = YES;
				CLANG_WARN_BOOL_CONVERSION = YES;
				CLANG_WARN_COMMA = YES;
				CLANG_WARN_CONSTANT_CONVERSION = YES;
				CLANG_WARN_DEPRECATED_OBJC_IMPLEMENTATIONS = YES;
				CLANG_WARN_DIRECT_OBJC_ISA_USAGE = YES_ERROR;
				CLANG_WARN_DOCUMENTATION_COMMENTS = YES;
				CLANG_WARN_EMPTY_BODY = YES;
				CLANG_WARN_ENUM_CONVERSION = YES;
				CLANG_WARN_INFINITE_RECURSION = YES;
				CLANG_WARN_INT_CONVERSION = YES;
				CLANG_WARN_NON_LITERAL_NULL_CONVERSION = YES;
				CLANG_WARN_OBJC_IMPLICIT_RETAIN_SELF = YES;
				CLANG_WARN_OBJC_LITERAL_CONVERSION = YES;
				CLANG_WARN_OBJC_ROOT_CLASS = YES_ERROR;
				CLANG_WARN_QUOTED_INCLUDE_IN_FRAMEWORK_HEADER = YES;
				CLANG_WARN_RANGE_LOOP_ANALYSIS = YES;
				CLANG_WARN_STRICT_PROTOTYPES = YES;
				CLANG_WARN_SUSPICIOUS_MOVE = YES;
				CLANG_WARN_UNGUARDED_AVAILABILITY = YES_AGGRESSIVE;
				CLANG_WARN_UNREACHABLE_CODE = YES;
				CLANG_WARN__DUPLICATE_METHOD_MATCH = YES;
				COPY_PHASE_STRIP = NO;
				DEBUG_INFORMATION_FORMAT = dwarf;
				ENABLE_STRICT_OBJC_MSGSEND = YES;
				ENABLE_TESTABILITY = YES;
				GCC_C_LANGUAGE_STANDARD = gnu11;
				GCC_DYNAMIC_NO_PIC = NO;
				GCC_NO_COMMON_BLOCKS = YES;
				GCC_OPTIMIZATION_LEVEL = 0;
				GCC_PREPROCESSOR_DEFINITIONS = (
					"DEBUG=1",
					"$(inherited)",
				);
				GCC_WARN_64_TO_32_BIT_CONVERSION = YES;
				GCC_WARN_ABOUT_RETURN_TYPE = YES_ERROR;
				GCC_WARN_UNDECLARED_SELECTOR = YES;
				GCC_WARN_UNINITIALIZED_AUTOS = YES_AGGRESSIVE;
				GCC_WARN_UNUSED_FUNCTION = YES;
				GCC_WARN_UNUSED_VARIABLE = YES;
				IPHONEOS_DEPLOYMENT_TARGET = 15.5;
				MTL_ENABLE_DEBUG_INFO = INCLUDE_SOURCE;
				MTL_FAST_MATH = YES;
				ONLY_ACTIVE_ARCH = YES;
				SDKROOT = iphoneos;
				SWIFT_ACTIVE_COMPILATION_CONDITIONS = DEBUG;
				SWIFT_OPTIMIZATION_LEVEL = "-Onone";
			};
			name = Debug;
		};
		D51C796228A14C2500B9AA07 /* Release */ = {
			isa = XCBuildConfiguration;
			buildSettings = {
				ALWAYS_SEARCH_USER_PATHS = NO;
				CLANG_ANALYZER_NONNULL = YES;
				CLANG_ANALYZER_NUMBER_OBJECT_CONVERSION = YES_AGGRESSIVE;
				CLANG_CXX_LANGUAGE_STANDARD = "gnu++17";
				CLANG_ENABLE_MODULES = YES;
				CLANG_ENABLE_OBJC_ARC = YES;
				CLANG_ENABLE_OBJC_WEAK = YES;
				CLANG_WARN_BLOCK_CAPTURE_AUTORELEASING = YES;
				CLANG_WARN_BOOL_CONVERSION = YES;
				CLANG_WARN_COMMA = YES;
				CLANG_WARN_CONSTANT_CONVERSION = YES;
				CLANG_WARN_DEPRECATED_OBJC_IMPLEMENTATIONS = YES;
				CLANG_WARN_DIRECT_OBJC_ISA_USAGE = YES_ERROR;
				CLANG_WARN_DOCUMENTATION_COMMENTS = YES;
				CLANG_WARN_EMPTY_BODY = YES;
				CLANG_WARN_ENUM_CONVERSION = YES;
				CLANG_WARN_INFINITE_RECURSION = YES;
				CLANG_WARN_INT_CONVERSION = YES;
				CLANG_WARN_NON_LITERAL_NULL_CONVERSION = YES;
				CLANG_WARN_OBJC_IMPLICIT_RETAIN_SELF = YES;
				CLANG_WARN_OBJC_LITERAL_CONVERSION = YES;
				CLANG_WARN_OBJC_ROOT_CLASS = YES_ERROR;
				CLANG_WARN_QUOTED_INCLUDE_IN_FRAMEWORK_HEADER = YES;
				CLANG_WARN_RANGE_LOOP_ANALYSIS = YES;
				CLANG_WARN_STRICT_PROTOTYPES = YES;
				CLANG_WARN_SUSPICIOUS_MOVE = YES;
				CLANG_WARN_UNGUARDED_AVAILABILITY = YES_AGGRESSIVE;
				CLANG_WARN_UNREACHABLE_CODE = YES;
				CLANG_WARN__DUPLICATE_METHOD_MATCH = YES;
				COPY_PHASE_STRIP = NO;
				DEBUG_INFORMATION_FORMAT = "dwarf-with-dsym";
				ENABLE_NS_ASSERTIONS = NO;
				ENABLE_STRICT_OBJC_MSGSEND = YES;
				GCC_C_LANGUAGE_STANDARD = gnu11;
				GCC_NO_COMMON_BLOCKS = YES;
				GCC_WARN_64_TO_32_BIT_CONVERSION = YES;
				GCC_WARN_ABOUT_RETURN_TYPE = YES_ERROR;
				GCC_WARN_UNDECLARED_SELECTOR = YES;
				GCC_WARN_UNINITIALIZED_AUTOS = YES_AGGRESSIVE;
				GCC_WARN_UNUSED_FUNCTION = YES;
				GCC_WARN_UNUSED_VARIABLE = YES;
				IPHONEOS_DEPLOYMENT_TARGET = 15.5;
				MTL_ENABLE_DEBUG_INFO = NO;
				MTL_FAST_MATH = YES;
				SDKROOT = iphoneos;
				SWIFT_COMPILATION_MODE = wholemodule;
				SWIFT_OPTIMIZATION_LEVEL = "-O";
				VALIDATE_PRODUCT = YES;
			};
			name = Release;
		};
		D51C796428A14C2500B9AA07 /* Debug */ = {
			isa = XCBuildConfiguration;
			buildSettings = {
				ASSETCATALOG_COMPILER_APPICON_NAME = AppIcon;
				ASSETCATALOG_COMPILER_GLOBAL_ACCENT_COLOR_NAME = AccentColor;
				CODE_SIGN_STYLE = Automatic;
				CURRENT_PROJECT_VERSION = 1;
				DEVELOPMENT_ASSET_PATHS = "\"USACongress/Preview Content\"";
				DEVELOPMENT_TEAM = 7J6477TDRU;
				ENABLE_PREVIEWS = YES;
				GENERATE_INFOPLIST_FILE = YES;
				INFOPLIST_KEY_UIApplicationSceneManifest_Generation = YES;
				INFOPLIST_KEY_UIApplicationSupportsIndirectInputEvents = YES;
				INFOPLIST_KEY_UILaunchScreen_Generation = YES;
				INFOPLIST_KEY_UISupportedInterfaceOrientations_iPad = "UIInterfaceOrientationPortrait UIInterfaceOrientationPortraitUpsideDown UIInterfaceOrientationLandscapeLeft UIInterfaceOrientationLandscapeRight";
				INFOPLIST_KEY_UISupportedInterfaceOrientations_iPhone = "UIInterfaceOrientationPortrait UIInterfaceOrientationLandscapeLeft UIInterfaceOrientationLandscapeRight";
				LD_RUNPATH_SEARCH_PATHS = (
					"$(inherited)",
					"@executable_path/Frameworks",
				);
				MARKETING_VERSION = 1.0;
				PRODUCT_BUNDLE_IDENTIFIER = robertreyes.com.USACongress;
				PRODUCT_NAME = "$(TARGET_NAME)";
				SWIFT_EMIT_LOC_STRINGS = YES;
				SWIFT_VERSION = 5.0;
				TARGETED_DEVICE_FAMILY = "1,2";
			};
			name = Debug;
		};
		D51C796528A14C2500B9AA07 /* Release */ = {
			isa = XCBuildConfiguration;
			buildSettings = {
				ASSETCATALOG_COMPILER_APPICON_NAME = AppIcon;
				ASSETCATALOG_COMPILER_GLOBAL_ACCENT_COLOR_NAME = AccentColor;
				CODE_SIGN_STYLE = Automatic;
				CURRENT_PROJECT_VERSION = 1;
				DEVELOPMENT_ASSET_PATHS = "\"USACongress/Preview Content\"";
				DEVELOPMENT_TEAM = 7J6477TDRU;
				ENABLE_PREVIEWS = YES;
				GENERATE_INFOPLIST_FILE = YES;
				INFOPLIST_KEY_UIApplicationSceneManifest_Generation = YES;
				INFOPLIST_KEY_UIApplicationSupportsIndirectInputEvents = YES;
				INFOPLIST_KEY_UILaunchScreen_Generation = YES;
				INFOPLIST_KEY_UISupportedInterfaceOrientations_iPad = "UIInterfaceOrientationPortrait UIInterfaceOrientationPortraitUpsideDown UIInterfaceOrientationLandscapeLeft UIInterfaceOrientationLandscapeRight";
				INFOPLIST_KEY_UISupportedInterfaceOrientations_iPhone = "UIInterfaceOrientationPortrait UIInterfaceOrientationLandscapeLeft UIInterfaceOrientationLandscapeRight";
				LD_RUNPATH_SEARCH_PATHS = (
					"$(inherited)",
					"@executable_path/Frameworks",
				);
				MARKETING_VERSION = 1.0;
				PRODUCT_BUNDLE_IDENTIFIER = robertreyes.com.USACongress;
				PRODUCT_NAME = "$(TARGET_NAME)";
				SWIFT_EMIT_LOC_STRINGS = YES;
				SWIFT_VERSION = 5.0;
				TARGETED_DEVICE_FAMILY = "1,2";
			};
			name = Release;
		};
/* End XCBuildConfiguration section */

/* Begin XCConfigurationList section */
		D51C795028A14C2300B9AA07 /* Build configuration list for PBXProject "USACongress" */ = {
			isa = XCConfigurationList;
			buildConfigurations = (
				D51C796128A14C2500B9AA07 /* Debug */,
				D51C796228A14C2500B9AA07 /* Release */,
			);
			defaultConfigurationIsVisible = 0;
			defaultConfigurationName = Release;
		};
		D51C796328A14C2500B9AA07 /* Build configuration list for PBXNativeTarget "USACongress" */ = {
			isa = XCConfigurationList;
			buildConfigurations = (
				D51C796428A14C2500B9AA07 /* Debug */,
				D51C796528A14C2500B9AA07 /* Release */,
			);
			defaultConfigurationIsVisible = 0;
			defaultConfigurationName = Release;
		};
/* End XCConfigurationList section */
	};
	rootObject = D51C794D28A14C2300B9AA07 /* Project object */;
}
